{
  "version": 1,
  "dependencies": {
    "net10.0": {
      "Markdig": {
        "type": "Direct",
        "requested": "[1.3.2, )",
        "resolved": "1.3.2",
        "contentHash": "fZgOC/3CswUrndjDTac70aQpYdtxbW5+5bRumR7vzvI2HJbkmgKisB1c9oT+GA6v0jB/JDR9BLa9FiPzQmaK6A=="
      },
      "SkiaSharp": {
        "type": "Direct",
        "requested": "[4.151.0, )",
        "resolved": "4.151.0",
        "contentHash": "2gObGpRfF0R/1AZiR3YlOjVnlQIOQHAbwFe/fVMfDTnge4yIzEA7rECCbEuEgfGnbThk17pWp+HLhGtETRWOBQ==",
        "dependencies": {
          "SkiaSharp.NativeAssets.Win32": "4.151.0",
          "SkiaSharp.NativeAssets.macOS": "4.151.0"
        }
      },
      "SkiaSharp.NativeAssets.Linux.NoDependencies": {
        "type": "Direct",
        "requested": "[3.119.4, )",
        "resolved": "3.119.4",
        "contentHash": "iFnpOfZoim2SwhSPy0EJNZtQAaWM7D0A6Q1YvquwOXUdQAFrSy81Tfb1I4c0IHrrQnoVjcZPcwOc1+VM2ja77w=="
      },
      "YamlDotNet": {
        "type": "Direct",
        "requested": "[18.0.0, )",
        "resolved": "18.0.0",
        "contentHash": "ptHVgcYmLejGuWXV7RMFoEqFKYMXnieOlWLPzEslfDtzZ9ngMhjYwykfqjBN2+fMEAEyobozkj07lKEpR4dssA=="
      },
      "SkiaSharp.NativeAssets.macOS": {
        "type": "Transitive",
        "resolved": "4.151.0",
        "contentHash": "6MgPBabP9nr8RBleN+UJx8fP8OXjpsqvCzCtmIMlWRtKdk+8f2Ph4Jz6DcclBL0/zie7HPkStb63wDguzG98HA=="
      },
      "SkiaSharp.NativeAssets.Win32": {
        "type": "Transitive",
        "resolved": "4.151.0",
        "contentHash": "YmpiHa/k+Cvfsr9yaKMdcv+nzYkqDLGxmESzqvMqNuhbIosMt+JnxqlZ/7YZuBnPVXWvrIIFIk626Gof87RzvQ=="
      }
    }
  }
}