{
  "version": 1,
  "dependencies": {
    "net10.0": {
      "Markdig": {
        "type": "Direct",
        "requested": "[1.3.2, )",
        "resolved": "1.3.2",
        "contentHash": "fZgOC/3CswUrndjDTac70aQpYdtxbW5+5bRumR7vzvI2HJbkmgKisB1c9oT+GA6v0jB/JDR9BLa9FiPzQmaK6A=="
      },
      "SkiaSharp": {
        "type": "Direct",
        "requested": "[4.150.0, )",
        "resolved": "4.150.0",
        "contentHash": "K8dpv8SJ7xwe+lPnOlHRMRcpfZ/LfR2tIMxIz3jndMR/X1q81UXwFw3Ybj8ZjMimGVl9gUFY6SoyQ3BiIfkuDg==",
        "dependencies": {
          "SkiaSharp.NativeAssets.Win32": "4.150.0",
          "SkiaSharp.NativeAssets.macOS": "4.150.0"
        }
      },
      "SkiaSharp.NativeAssets.Linux.NoDependencies": {
        "type": "Direct",
        "requested": "[3.119.4, )",
        "resolved": "3.119.4",
        "contentHash": "iFnpOfZoim2SwhSPy0EJNZtQAaWM7D0A6Q1YvquwOXUdQAFrSy81Tfb1I4c0IHrrQnoVjcZPcwOc1+VM2ja77w=="
      },
      "YamlDotNet": {
        "type": "Direct",
        "requested": "[18.0.0, )",
        "resolved": "18.0.0",
        "contentHash": "ptHVgcYmLejGuWXV7RMFoEqFKYMXnieOlWLPzEslfDtzZ9ngMhjYwykfqjBN2+fMEAEyobozkj07lKEpR4dssA=="
      },
      "SkiaSharp.NativeAssets.macOS": {
        "type": "Transitive",
        "resolved": "4.150.0",
        "contentHash": "vy8/EtYhsu+zKM9uOns4RmKMPW+m/CPYaSjq4Hi3m8ZzcePaN45Sz1D7hbTDFKogobFOb1JQAkdikjCmAVaSQQ=="
      },
      "SkiaSharp.NativeAssets.Win32": {
        "type": "Transitive",
        "resolved": "4.150.0",
        "contentHash": "et1ROcTSzDWTlxPFQGBupxIOHb62fItqVrSEdYfh26TUjfsH02PVE3yw1wfcskfRDYPUPu0o0hKPuclmT0hS9Q=="
      }
    }
  }
}