{
  "version": 1,
  "dependencies": {
    "net10.0": {
      "Microsoft.CodeAnalysis.PublicApiAnalyzers": {
        "type": "Direct",
        "requested": "[5.6.0, )",
        "resolved": "5.6.0",
        "contentHash": "W4kJGezNIKLzo0Ak5FAQDFvkMf2U7DtGL4THmHyRSApfKsKt5V+eX/bU0ZLKAt/uf9Bb2o1bi0YDKj/GRB/vYQ=="
      },
      "AngleSharp": {
        "type": "Transitive",
        "resolved": "1.8.3",
        "contentHash": "IiXdbBHzeKRUDayOFT/5nAqkY7Tqbtzr9dqoWrsfseLRs2r1j94qP8MmKnfs9aX+WHucmlmX8xq9QosIUJ/sbA=="
      },
      "SkiaSharp": {
        "type": "Transitive",
        "resolved": "4.153.1",
        "contentHash": "TghYLOUaP3q6rTjQw7U9uQaaXh8lEs9rfA1U7/VtmyAptVDtj/SmjtcWzFWmcC/VMWxe3QgbV9uyvqDL7ySFtQ==",
        "dependencies": {
          "SkiaSharp.NativeAssets.Win32": "4.153.1",
          "SkiaSharp.NativeAssets.macOS": "4.153.1"
        }
      },
      "SkiaSharp.NativeAssets.Linux.NoDependencies": {
        "type": "Transitive",
        "resolved": "4.153.1",
        "contentHash": "NrnPjcxjcRau4GMOY0BTpUdMey+MnmLU3jC5AuExEFHPS2NkX1tdkXW0n/c5nQMMHBTAMpHnt7qEOpXs2FNfIQ=="
      },
      "SkiaSharp.NativeAssets.macOS": {
        "type": "Transitive",
        "resolved": "4.153.1",
        "contentHash": "YTojWeWIhnpF7uC8vpMxB5wRONKkDB2t3r/nNPA3DL2pgj9fqMXRevA/rIanYazWnco4jo1ufgp3HkXuh1Tz8A=="
      },
      "SkiaSharp.NativeAssets.Win32": {
        "type": "Transitive",
        "resolved": "4.153.1",
        "contentHash": "Yqg6rChTVh0BUE8QQxtOA3uUBnihfgID4yex/AvDa0+os2bVcBjmI3Qj9tnOB+R1hd/Jry1Gwl8qw5JI9HZG8Q=="
      },
      "Syntamark": {
        "type": "Transitive",
        "resolved": "2.0.0-preview.3",
        "contentHash": "SS1kDrcSkEDVHPjKorWfy3y/cTKviDXdb/fxeO8ETEEUM82M6Nxstap6VZlHTcppeRfOdZXCs0xpR3ZxJk+TUw==",
        "dependencies": {
          "YamlDotNet": "[18.1.0]"
        }
      },
      "YamlDotNet": {
        "type": "Transitive",
        "resolved": "18.1.0",
        "contentHash": "5K+9KFg2TdTl7VXv88Qzi/0lqK6JFoNP3lRuImPYGRV7K/QYklDyTrj4+A+KAki1JsQi6qKY+hDyY7d6WRqjrw=="
      },
      "lithosharp": {
        "type": "Project",
        "dependencies": {
          "AngleSharp": "[1.8.3, )",
          "SkiaSharp": "[4.153.1, )",
          "SkiaSharp.NativeAssets.Linux.NoDependencies": "[4.153.1, )",
          "Syntamark": "[2.0.0-preview.3, 2.0.0-preview.3]",
          "YamlDotNet": "[18.1.0, )"
        }
      }
    }
  }
}