{
  "version": 1,
  "dependencies": {
    ".NETStandard,Version=v2.0": {
      "LithoSharp.Markdown.Source": {
        "type": "Direct",
        "requested": "[2.0.0-preview.2, 2.0.0-preview.2]",
        "resolved": "2.0.0-preview.2",
        "contentHash": "obmGwB9fXTE5ltlYiv6D3yGRoaQsbu7YO3lEsHC0Fjrx5oviDoXFs2tonoNzSCFQuxAVbKJNFo0flFBdqeijtw=="
      },
      "NETStandard.Library": {
        "type": "Direct",
        "requested": "[2.0.3, )",
        "resolved": "2.0.3",
        "contentHash": "st47PosZSHrjECdjeIzZQbzivYBJFv6P2nv4cj2ypdI204DO+vZ7l5raGMiX4eXMJ53RfOIg+/s4DHVZ54Nu2A==",
        "dependencies": {
          "Microsoft.NETCore.Platforms": "1.1.0"
        }
      },
      "YamlDotNet": {
        "type": "Direct",
        "requested": "[18.1.0, 18.1.0]",
        "resolved": "18.1.0",
        "contentHash": "5K+9KFg2TdTl7VXv88Qzi/0lqK6JFoNP3lRuImPYGRV7K/QYklDyTrj4+A+KAki1JsQi6qKY+hDyY7d6WRqjrw=="
      },
      "Microsoft.NETCore.Platforms": {
        "type": "Transitive",
        "resolved": "1.1.0",
        "contentHash": "kz0PEW2lhqygehI/d6XsPCQzD7ff7gUJaVGPVETX611eadGsA3A877GdSlU0LRVMCTH/+P3o2iDTak+S08V2+A=="
      }
    }
  }
}